
Microsoft Visual Studio Solution File, Format Version 12.00
# Visual Studio Version 17
VisualStudioVersion = 17.0.31903.59
MinimumVisualStudioVersion = 10.0.40219.1
Project("{FAE04EC0-301F-11D3-BF4B-00C04F79EFBC}") = "MoneyExtension", "MoneyExtension\MoneyExtension.csproj", "{5DECB921-4585-41F3-BB28-57AE2B778222}"
EndProject
Project("{FAE04EC0-301F-11D3-BF4B-00C04F79EFBC}") = "MoneyExtension.Tests", "MoneyExtension.Tests\MoneyExtension.Tests.csproj", "{A4716C2E-CF50-46B7-AC74-890151061F7C}"
EndProject
Global
	GlobalSection(SolutionConfigurationPlatforms) = preSolution
		Debug|Any CPU = Debug|Any CPU
		Release|Any CPU = Release|Any CPU
	EndGlobalSection
	GlobalSection(SolutionProperties) = preSolution
		HideSolutionNode = FALSE
	EndGlobalSection
	GlobalSection(ProjectConfigurationPlatforms) = postSolution
		{5DECB921-4585-41F3-BB28-57AE2B778222}.Debug|Any CPU.ActiveCfg = Debug|Any CPU
		{5DECB921-4585-41F3-BB28-57AE2B778222}.Debug|Any CPU.Build.0 = Debug|Any CPU
		{5DECB921-4585-41F3-BB28-57AE2B778222}.Release|Any CPU.ActiveCfg = Release|Any CPU
		{5DECB921-4585-41F3-BB28-57AE2B778222}.Release|Any CPU.Build.0 = Release|Any CPU
		{A4716C2E-CF50-46B7-AC74-890151061F7C}.Debug|Any CPU.ActiveCfg = Debug|Any CPU
		{A4716C2E-CF50-46B7-AC74-890151061F7C}.Debug|Any CPU.Build.0 = Debug|Any CPU
		{A4716C2E-CF50-46B7-AC74-890151061F7C}.Release|Any CPU.ActiveCfg = Release|Any CPU
		{A4716C2E-CF50-46B7-AC74-890151061F7C}.Release|Any CPU.Build.0 = Release|Any CPU
	EndGlobalSection
EndGlobal
